
Microsoft Visual Studio Solution File, Format Version 12.00
# Visual Studio Version 16
VisualStudioVersion = 16.0.29215.179
MinimumVisualStudioVersion = 10.0.40219.1
Project("{FAE04EC0-301F-11D3-BF4B-00C04F79EFBC}") = "Sokoban", "Sokoban\Sokoban.csproj", "{CA999548-D217-41C8-AF02-2E5EB447107B}"
EndProject
Global
	GlobalSection(SolutionConfigurationPlatforms) = preSolution
		Debug|Any CPU = Debug|Any CPU
		Release|Any CPU = Release|Any CPU
	EndGlobalSection
	GlobalSection(ProjectConfigurationPlatforms) = postSolution
		{CA999548-D217-41C8-AF02-2E5EB447107B}.Debug|Any CPU.ActiveCfg = Debug|Any CPU
		{CA999548-D217-41C8-AF02-2E5EB447107B}.Debug|Any CPU.Build.0 = Debug|Any CPU
		{CA999548-D217-41C8-AF02-2E5EB447107B}.Release|Any CPU.ActiveCfg = Release|Any CPU
		{CA999548-D217-41C8-AF02-2E5EB447107B}.Release|Any CPU.Build.0 = Release|Any CPU
	EndGlobalSection
	GlobalSection(SolutionProperties) = preSolution
		HideSolutionNode = FALSE
	EndGlobalSection
	GlobalSection(ExtensibilityGlobals) = postSolution
		SolutionGuid = {A1C97ACB-2504-4749-87C1-0BC0DD1E29A1}
	EndGlobalSection
EndGlobal
